
Microsoft Visual Studio Solution File, Format Version 12.00
# Visual Studio Version 17
VisualStudioVersion = 17.5.002.0
MinimumVisualStudioVersion = 10.0.40219.1
Project("{9A19103F-16F7-4668-BE54-9A1E7A4F7556}") = "Binary Search", "Binary Search\Binary Search.csproj", "{09C4742B-4135-4282-A58F-8F7B33B897AB}"
EndProject
Project("{9A19103F-16F7-4668-BE54-9A1E7A4F7556}") = "Factorial", "Factorial\Factorial.csproj", "{945D182D-3C22-46A2-A48A-A91FF7E6C2C0}"
EndProject
Project("{9A19103F-16F7-4668-BE54-9A1E7A4F7556}") = "Quick Sort", "Quick Sort\Quick Sort.csproj", "{F4AF6D63-ABD9-4F5B-BF98-1F98D58562FF}"
EndProject
Project("{9A19103F-16F7-4668-BE54-9A1E7A4F7556}") = "Selection Sort", "Selection Sort\Selection Sort.csproj", "{4E6196B5-98F0-4BB0-BABC-485160B45D31}"
EndProject
Global
	GlobalSection(SolutionConfigurationPlatforms) = preSolution
		Debug|Any CPU = Debug|Any CPU
		Release|Any CPU = Release|Any CPU
	EndGlobalSection
	GlobalSection(ProjectConfigurationPlatforms) = postSolution
		{09C4742B-4135-4282-A58F-8F7B33B897AB}.Debug|Any CPU.ActiveCfg = Debug|Any CPU
		{09C4742B-4135-4282-A58F-8F7B33B897AB}.Debug|Any CPU.Build.0 = Debug|Any CPU
		{09C4742B-4135-4282-A58F-8F7B33B897AB}.Release|Any CPU.ActiveCfg = Release|Any CPU
		{09C4742B-4135-4282-A58F-8F7B33B897AB}.Release|Any CPU.Build.0 = Release|Any CPU
		{945D182D-3C22-46A2-A48A-A91FF7E6C2C0}.Debug|Any CPU.ActiveCfg = Debug|Any CPU
		{945D182D-3C22-46A2-A48A-A91FF7E6C2C0}.Debug|Any CPU.Build.0 = Debug|Any CPU
		{945D182D-3C22-46A2-A48A-A91FF7E6C2C0}.Release|Any CPU.ActiveCfg = Release|Any CPU
		{945D182D-3C22-46A2-A48A-A91FF7E6C2C0}.Release|Any CPU.Build.0 = Release|Any CPU
		{F4AF6D63-ABD9-4F5B-BF98-1F98D58562FF}.Debug|Any CPU.ActiveCfg = Debug|Any CPU
		{F4AF6D63-ABD9-4F5B-BF98-1F98D58562FF}.Debug|Any CPU.Build.0 = Debug|Any CPU
		{F4AF6D63-ABD9-4F5B-BF98-1F98D58562FF}.Release|Any CPU.ActiveCfg = Release|Any CPU
		{F4AF6D63-ABD9-4F5B-BF98-1F98D58562FF}.Release|Any CPU.Build.0 = Release|Any CPU
		{4E6196B5-98F0-4BB0-BABC-485160B45D31}.Debug|Any CPU.ActiveCfg = Debug|Any CPU
		{4E6196B5-98F0-4BB0-BABC-485160B45D31}.Debug|Any CPU.Build.0 = Debug|Any CPU
		{4E6196B5-98F0-4BB0-BABC-485160B45D31}.Release|Any CPU.ActiveCfg = Release|Any CPU
		{4E6196B5-98F0-4BB0-BABC-485160B45D31}.Release|Any CPU.Build.0 = Release|Any CPU
	EndGlobalSection
	GlobalSection(SolutionProperties) = preSolution
		HideSolutionNode = FALSE
	EndGlobalSection
	GlobalSection(ExtensibilityGlobals) = postSolution
		SolutionGuid = {0005C28A-6D34-47B6-88E8-A14984DFFF4A}
	EndGlobalSection
EndGlobal
